
Microsoft Visual Studio Solution File, Format Version 12.00
# Visual Studio Version 17
VisualStudioVersion = 17.9.34723.18
MinimumVisualStudioVersion = 10.0.40219.1
Project("{8BC9CEB8-8B4A-11D0-8D11-00A0C91BC942}") = "TicTacToeGame", "TicTacToeGame\TicTacToeGame.vcxproj", "{06251248-5DD6-4C48-A679-41A6DB127850}"
EndProject
Global
	GlobalSection(SolutionConfigurationPlatforms) = preSolution
		Debug|x64 = Debug|x64
		Debug|x86 = Debug|x86
		Release|x64 = Release|x64
		Release|x86 = Release|x86
	EndGlobalSection
	GlobalSection(ProjectConfigurationPlatforms) = postSolution
		{06251248-5DD6-4C48-A679-41A6DB127850}.Debug|x64.ActiveCfg = Debug|x64
		{06251248-5DD6-4C48-A679-41A6DB127850}.Debug|x64.Build.0 = Debug|x64
		{06251248-5DD6-4C48-A679-41A6DB127850}.Debug|x86.ActiveCfg = Debug|Win32
		{06251248-5DD6-4C48-A679-41A6DB127850}.Debug|x86.Build.0 = Debug|Win32
		{06251248-5DD6-4C48-A679-41A6DB127850}.Release|x64.ActiveCfg = Release|x64
		{06251248-5DD6-4C48-A679-41A6DB127850}.Release|x64.Build.0 = Release|x64
		{06251248-5DD6-4C48-A679-41A6DB127850}.Release|x86.ActiveCfg = Release|Win32
		{06251248-5DD6-4C48-A679-41A6DB127850}.Release|x86.Build.0 = Release|Win32
	EndGlobalSection
	GlobalSection(SolutionProperties) = preSolution
		HideSolutionNode = FALSE
	EndGlobalSection
	GlobalSection(ExtensibilityGlobals) = postSolution
		SolutionGuid = {3B82A9D0-06C5-4263-83BF-505CE73D505F}
	EndGlobalSection
EndGlobal
